
Microsoft Visual Studio Solution File, Format Version 12.00
# Visual Studio Version 17
VisualStudioVersion = 17.1.32210.238
MinimumVisualStudioVersion = 10.0.40219.1
Project("{9A19103F-16F7-4668-BE54-9A1E7A4F7556}") = "TT.BaseProject.BusinessApi", "TT.BaseProject.BusinessApi\TT.BaseProject.BusinessApi.csproj", "{E64956C1-EC79-4962-B3DC-B56A6CC653AB}"
EndProject
Project("{2150E333-8FDC-42A3-9474-1A3956D46DE8}") = "Src", "Src", "{40C27F1F-32C5-4ABA-A74A-9BCCBA3F3E98}"
EndProject
Project("{9A19103F-16F7-4668-BE54-9A1E7A4F7556}") = "TT.BaseProject.Domain", "TT.BaseProject.Domain\TT.BaseProject.Domain.csproj", "{F87C5847-CDD2-4757-B2E8-A757A16FB66F}"
EndProject
Project("{9A19103F-16F7-4668-BE54-9A1E7A4F7556}") = "TT.BaseProject.HostBase", "TT.BaseProject.HostBase\TT.BaseProject.HostBase.csproj", "{DF6EDD56-1CF8-4849-8AD4-F8476763BC42}"
EndProject
Project("{9A19103F-16F7-4668-BE54-9A1E7A4F7556}") = "TT.BaseProject.Application", "TT.BaseProject.Application\TT.BaseProject.Application.csproj", "{8C301475-6F4F-4A18-A20B-A9B9D273B0B3}"
EndProject
Project("{9A19103F-16F7-4668-BE54-9A1E7A4F7556}") = "TT.BaseProject.Domain.MySql", "TT.BaseProject.Domain.MySql\TT.BaseProject.Domain.MySql.csproj", "{6DF932F9-5067-41C6-A1C9-E709EF3FA6A3}"
EndProject
Project("{9A19103F-16F7-4668-BE54-9A1E7A4F7556}") = "TT.BaseProject.MySql", "TT.BaseProject.MySql\TT.BaseProject.MySql.csproj", "{CBEE09BB-E14D-4C5D-AB36-D5C00E39EA07}"
EndProject
Project("{9A19103F-16F7-4668-BE54-9A1E7A4F7556}") = "TT.BaseProject.Application.Contracts", "TT.BaseProject.Application.Contracts\TT.BaseProject.Application.Contracts.csproj", "{8B3F273F-C541-45B4-9167-DB5DAF9F40A3}"
EndProject
Project("{9A19103F-16F7-4668-BE54-9A1E7A4F7556}") = "TT.BaseProject.Library", "TT.BaseProject.Library\TT.BaseProject.Library.csproj", "{BA229D6B-8BAC-467B-B79C-DDE93B92170C}"
EndProject
Project("{9A19103F-16F7-4668-BE54-9A1E7A4F7556}") = "TT.BaseProject.FileApi", "TT.BaseProject.FileApi\TT.BaseProject.FileApi.csproj", "{FAF5AFC0-737A-4A7B-93A1-4D1401852C2E}"
EndProject
Project("{9A19103F-16F7-4668-BE54-9A1E7A4F7556}") = "TT.BaseProject.Storage", "TT.BaseProject.Storage\TT.BaseProject.Storage.csproj", "{66437243-E71B-47EF-AE3E-F6302C71F56D}"
EndProject
Project("{9A19103F-16F7-4668-BE54-9A1E7A4F7556}") = "TT.BaseProject.Storage.FileSystem", "TT.BaseProject.Storage.FileSystem\TT.BaseProject.Storage.FileSystem.csproj", "{B109C085-2CA8-4F05-BFEF-11CA1FCD8812}"
EndProject
Project("{9A19103F-16F7-4668-BE54-9A1E7A4F7556}") = "TT.BaseProject.Storage.MinIo", "TT.BaseProject.Storage.MinIo\TT.BaseProject.Storage.MinIo.csproj", "{99B2B30E-7A13-4930-BA5C-9948E6E130D5}"
EndProject
Project("{2150E333-8FDC-42A3-9474-1A3956D46DE8}") = "Config", "Config", "{49263F6C-117D-44D2-86EF-E8A6124BB1C6}"
	ProjectSection(SolutionItems) = preProject
		Cache.json = Cache.json
		Connection.json = Connection.json
		Storage.json = Storage.json
	EndProjectSection
EndProject
Project("{9A19103F-16F7-4668-BE54-9A1E7A4F7556}") = "TT.BaseProject.Cache", "TT.BaseProject.Cache\TT.BaseProject.Cache.csproj", "{351EA5EA-613B-41F9-8492-ABAA994BDA04}"
EndProject
Project("{9A19103F-16F7-4668-BE54-9A1E7A4F7556}") = "TT.BaseProject.Cache.Redis", "TT.BaseProject.Cache.Redis\TT.BaseProject.Cache.Redis.csproj", "{DCCB31B5-2399-4D07-951B-F560887E97C2}"
EndProject
Project("{9A19103F-16F7-4668-BE54-9A1E7A4F7556}") = "TT.BaseProject.Cache.InvalidMemory", "TT.BaseProject.Cache.InvalidMemory\TT.BaseProject.Cache.InvalidMemory.csproj", "{554C0D3C-BB55-43A4-84B2-42A2ED15C95D}"
EndProject
Project("{9A19103F-16F7-4668-BE54-9A1E7A4F7556}") = "TT.BaseProject.Extension", "TT.BaseProject.Extension\TT.BaseProject.Extension.csproj", "{A02650F7-7DA3-4B9C-BFCC-A6B921B3E577}"
EndProject
Project("{9A19103F-16F7-4668-BE54-9A1E7A4F7556}") = "TT.BaseProject.AuthApi", "TT.BaseProject.AuthApi\TT.BaseProject.AuthApi.csproj", "{9D85D87D-AC61-48A4-9C02-6B44A8241888}"
EndProject
Project("{2150E333-8FDC-42A3-9474-1A3956D46DE8}") = "Script", "Script", "{E7ACE649-01FD-4D23-AC34-E0F6160FF365}"
	ProjectSection(SolutionItems) = preProject
		create_database.sql = create_database.sql
	EndProjectSection
EndProject
Global
	GlobalSection(SolutionConfigurationPlatforms) = preSolution
		Debug|Any CPU = Debug|Any CPU
		Release|Any CPU = Release|Any CPU
	EndGlobalSection
	GlobalSection(ProjectConfigurationPlatforms) = postSolution
		{E64956C1-EC79-4962-B3DC-B56A6CC653AB}.Debug|Any CPU.ActiveCfg = Debug|Any CPU
		{E64956C1-EC79-4962-B3DC-B56A6CC653AB}.Debug|Any CPU.Build.0 = Debug|Any CPU
		{E64956C1-EC79-4962-B3DC-B56A6CC653AB}.Release|Any CPU.ActiveCfg = Release|Any CPU
		{E64956C1-EC79-4962-B3DC-B56A6CC653AB}.Release|Any CPU.Build.0 = Release|Any CPU
		{F87C5847-CDD2-4757-B2E8-A757A16FB66F}.Debug|Any CPU.ActiveCfg = Debug|Any CPU
		{F87C5847-CDD2-4757-B2E8-A757A16FB66F}.Debug|Any CPU.Build.0 = Debug|Any CPU
		{F87C5847-CDD2-4757-B2E8-A757A16FB66F}.Release|Any CPU.ActiveCfg = Release|Any CPU
		{F87C5847-CDD2-4757-B2E8-A757A16FB66F}.Release|Any CPU.Build.0 = Release|Any CPU
		{DF6EDD56-1CF8-4849-8AD4-F8476763BC42}.Debug|Any CPU.ActiveCfg = Debug|Any CPU
		{DF6EDD56-1CF8-4849-8AD4-F8476763BC42}.Debug|Any CPU.Build.0 = Debug|Any CPU
		{DF6EDD56-1CF8-4849-8AD4-F8476763BC42}.Release|Any CPU.ActiveCfg = Release|Any CPU
		{DF6EDD56-1CF8-4849-8AD4-F8476763BC42}.Release|Any CPU.Build.0 = Release|Any CPU
		{8C301475-6F4F-4A18-A20B-A9B9D273B0B3}.Debug|Any CPU.ActiveCfg = Debug|Any CPU
		{8C301475-6F4F-4A18-A20B-A9B9D273B0B3}.Debug|Any CPU.Build.0 = Debug|Any CPU
		{8C301475-6F4F-4A18-A20B-A9B9D273B0B3}.Release|Any CPU.ActiveCfg = Release|Any CPU
		{8C301475-6F4F-4A18-A20B-A9B9D273B0B3}.Release|Any CPU.Build.0 = Release|Any CPU
		{6DF932F9-5067-41C6-A1C9-E709EF3FA6A3}.Debug|Any CPU.ActiveCfg = Debug|Any CPU
		{6DF932F9-5067-41C6-A1C9-E709EF3FA6A3}.Debug|Any CPU.Build.0 = Debug|Any CPU
		{6DF932F9-5067-41C6-A1C9-E709EF3FA6A3}.Release|Any CPU.ActiveCfg = Release|Any CPU
		{6DF932F9-5067-41C6-A1C9-E709EF3FA6A3}.Release|Any CPU.Build.0 = Release|Any CPU
		{CBEE09BB-E14D-4C5D-AB36-D5C00E39EA07}.Debug|Any CPU.ActiveCfg = Debug|Any CPU
		{CBEE09BB-E14D-4C5D-AB36-D5C00E39EA07}.Debug|Any CPU.Build.0 = Debug|Any CPU
		{CBEE09BB-E14D-4C5D-AB36-D5C00E39EA07}.Release|Any CPU.ActiveCfg = Release|Any CPU
		{CBEE09BB-E14D-4C5D-AB36-D5C00E39EA07}.Release|Any CPU.Build.0 = Release|Any CPU
		{8B3F273F-C541-45B4-9167-DB5DAF9F40A3}.Debug|Any CPU.ActiveCfg = Debug|Any CPU
		{8B3F273F-C541-45B4-9167-DB5DAF9F40A3}.Debug|Any CPU.Build.0 = Debug|Any CPU
		{8B3F273F-C541-45B4-9167-DB5DAF9F40A3}.Release|Any CPU.ActiveCfg = Release|Any CPU
		{8B3F273F-C541-45B4-9167-DB5DAF9F40A3}.Release|Any CPU.Build.0 = Release|Any CPU
		{BA229D6B-8BAC-467B-B79C-DDE93B92170C}.Debug|Any CPU.ActiveCfg = Debug|Any CPU
		{BA229D6B-8BAC-467B-B79C-DDE93B92170C}.Debug|Any CPU.Build.0 = Debug|Any CPU
		{BA229D6B-8BAC-467B-B79C-DDE93B92170C}.Release|Any CPU.ActiveCfg = Release|Any CPU
		{BA229D6B-8BAC-467B-B79C-DDE93B92170C}.Release|Any CPU.Build.0 = Release|Any CPU
		{FAF5AFC0-737A-4A7B-93A1-4D1401852C2E}.Debug|Any CPU.ActiveCfg = Debug|Any CPU
		{FAF5AFC0-737A-4A7B-93A1-4D1401852C2E}.Debug|Any CPU.Build.0 = Debug|Any CPU
		{FAF5AFC0-737A-4A7B-93A1-4D1401852C2E}.Release|Any CPU.ActiveCfg = Release|Any CPU
		{FAF5AFC0-737A-4A7B-93A1-4D1401852C2E}.Release|Any CPU.Build.0 = Release|Any CPU
		{66437243-E71B-47EF-AE3E-F6302C71F56D}.Debug|Any CPU.ActiveCfg = Debug|Any CPU
		{66437243-E71B-47EF-AE3E-F6302C71F56D}.Debug|Any CPU.Build.0 = Debug|Any CPU
		{66437243-E71B-47EF-AE3E-F6302C71F56D}.Release|Any CPU.ActiveCfg = Release|Any CPU
		{66437243-E71B-47EF-AE3E-F6302C71F56D}.Release|Any CPU.Build.0 = Release|Any CPU
		{B109C085-2CA8-4F05-BFEF-11CA1FCD8812}.Debug|Any CPU.ActiveCfg = Debug|Any CPU
		{B109C085-2CA8-4F05-BFEF-11CA1FCD8812}.Debug|Any CPU.Build.0 = Debug|Any CPU
		{B109C085-2CA8-4F05-BFEF-11CA1FCD8812}.Release|Any CPU.ActiveCfg = Release|Any CPU
		{B109C085-2CA8-4F05-BFEF-11CA1FCD8812}.Release|Any CPU.Build.0 = Release|Any CPU
		{99B2B30E-7A13-4930-BA5C-9948E6E130D5}.Debug|Any CPU.ActiveCfg = Debug|Any CPU
		{99B2B30E-7A13-4930-BA5C-9948E6E130D5}.Debug|Any CPU.Build.0 = Debug|Any CPU
		{99B2B30E-7A13-4930-BA5C-9948E6E130D5}.Release|Any CPU.ActiveCfg = Release|Any CPU
		{99B2B30E-7A13-4930-BA5C-9948E6E130D5}.Release|Any CPU.Build.0 = Release|Any CPU
		{351EA5EA-613B-41F9-8492-ABAA994BDA04}.Debug|Any CPU.ActiveCfg = Debug|Any CPU
		{351EA5EA-613B-41F9-8492-ABAA994BDA04}.Debug|Any CPU.Build.0 = Debug|Any CPU
		{351EA5EA-613B-41F9-8492-ABAA994BDA04}.Release|Any CPU.ActiveCfg = Release|Any CPU
		{351EA5EA-613B-41F9-8492-ABAA994BDA04}.Release|Any CPU.Build.0 = Release|Any CPU
		{DCCB31B5-2399-4D07-951B-F560887E97C2}.Debug|Any CPU.ActiveCfg = Debug|Any CPU
		{DCCB31B5-2399-4D07-951B-F560887E97C2}.Debug|Any CPU.Build.0 = Debug|Any CPU
		{DCCB31B5-2399-4D07-951B-F560887E97C2}.Release|Any CPU.ActiveCfg = Release|Any CPU
		{DCCB31B5-2399-4D07-951B-F560887E97C2}.Release|Any CPU.Build.0 = Release|Any CPU
		{554C0D3C-BB55-43A4-84B2-42A2ED15C95D}.Debug|Any CPU.ActiveCfg = Debug|Any CPU
		{554C0D3C-BB55-43A4-84B2-42A2ED15C95D}.Debug|Any CPU.Build.0 = Debug|Any CPU
		{554C0D3C-BB55-43A4-84B2-42A2ED15C95D}.Release|Any CPU.ActiveCfg = Release|Any CPU
		{554C0D3C-BB55-43A4-84B2-42A2ED15C95D}.Release|Any CPU.Build.0 = Release|Any CPU
		{A02650F7-7DA3-4B9C-BFCC-A6B921B3E577}.Debug|Any CPU.ActiveCfg = Debug|Any CPU
		{A02650F7-7DA3-4B9C-BFCC-A6B921B3E577}.Debug|Any CPU.Build.0 = Debug|Any CPU
		{A02650F7-7DA3-4B9C-BFCC-A6B921B3E577}.Release|Any CPU.ActiveCfg = Release|Any CPU
		{A02650F7-7DA3-4B9C-BFCC-A6B921B3E577}.Release|Any CPU.Build.0 = Release|Any CPU
		{9D85D87D-AC61-48A4-9C02-6B44A8241888}.Debug|Any CPU.ActiveCfg = Debug|Any CPU
		{9D85D87D-AC61-48A4-9C02-6B44A8241888}.Debug|Any CPU.Build.0 = Debug|Any CPU
		{9D85D87D-AC61-48A4-9C02-6B44A8241888}.Release|Any CPU.ActiveCfg = Release|Any CPU
		{9D85D87D-AC61-48A4-9C02-6B44A8241888}.Release|Any CPU.Build.0 = Release|Any CPU
	EndGlobalSection
	GlobalSection(SolutionProperties) = preSolution
		HideSolutionNode = FALSE
	EndGlobalSection
	GlobalSection(NestedProjects) = preSolution
		{F87C5847-CDD2-4757-B2E8-A757A16FB66F} = {40C27F1F-32C5-4ABA-A74A-9BCCBA3F3E98}
		{DF6EDD56-1CF8-4849-8AD4-F8476763BC42} = {40C27F1F-32C5-4ABA-A74A-9BCCBA3F3E98}
		{8C301475-6F4F-4A18-A20B-A9B9D273B0B3} = {40C27F1F-32C5-4ABA-A74A-9BCCBA3F3E98}
		{6DF932F9-5067-41C6-A1C9-E709EF3FA6A3} = {40C27F1F-32C5-4ABA-A74A-9BCCBA3F3E98}
		{CBEE09BB-E14D-4C5D-AB36-D5C00E39EA07} = {40C27F1F-32C5-4ABA-A74A-9BCCBA3F3E98}
		{8B3F273F-C541-45B4-9167-DB5DAF9F40A3} = {40C27F1F-32C5-4ABA-A74A-9BCCBA3F3E98}
		{BA229D6B-8BAC-467B-B79C-DDE93B92170C} = {40C27F1F-32C5-4ABA-A74A-9BCCBA3F3E98}
		{66437243-E71B-47EF-AE3E-F6302C71F56D} = {40C27F1F-32C5-4ABA-A74A-9BCCBA3F3E98}
		{B109C085-2CA8-4F05-BFEF-11CA1FCD8812} = {40C27F1F-32C5-4ABA-A74A-9BCCBA3F3E98}
		{99B2B30E-7A13-4930-BA5C-9948E6E130D5} = {40C27F1F-32C5-4ABA-A74A-9BCCBA3F3E98}
		{351EA5EA-613B-41F9-8492-ABAA994BDA04} = {40C27F1F-32C5-4ABA-A74A-9BCCBA3F3E98}
		{DCCB31B5-2399-4D07-951B-F560887E97C2} = {40C27F1F-32C5-4ABA-A74A-9BCCBA3F3E98}
		{554C0D3C-BB55-43A4-84B2-42A2ED15C95D} = {40C27F1F-32C5-4ABA-A74A-9BCCBA3F3E98}
		{A02650F7-7DA3-4B9C-BFCC-A6B921B3E577} = {40C27F1F-32C5-4ABA-A74A-9BCCBA3F3E98}
	EndGlobalSection
	GlobalSection(ExtensibilityGlobals) = postSolution
		SolutionGuid = {59E129D9-0D50-4C5E-A477-A248E2DF50D4}
	EndGlobalSection
EndGlobal
